// !$*UTF8*$!
{
	archiveVersion = 1;
	classes = {
	};
	objectVersion = 46;
	objects = {

/* Begin PBXBuildFile section */
		7D83985B1CE427A0008C9181 /* main.m in Sources */ = {isa = PBXBuildFile; fileRef = 7D83985A1CE427A0008C9181 /* main.m */; };
		7D83985E1CE427A0008C9181 /* AppDelegate.m in Sources */ = {isa = PBXBuildFile; fileRef = 7D83985D1CE427A0008C9181 /* AppDelegate.m */; };
		7D8398611CE427A0008C9181 /* ViewController.m in Sources */ = {isa = PBXBuildFile; fileRef = 7D8398601CE427A0008C9181 /* ViewController.m */; };
		7D8398641CE427A0008C9181 /* Main.storyboard in Resources */ = {isa = PBXBuildFile; fileRef = 7D8398621CE427A0008C9181 /* Main.storyboard */; };
		7D8398661CE427A0008C9181 /* Assets.xcassets in Resources */ = {isa = PBXBuildFile; fileRef = 7D8398651CE427A0008C9181 /* Assets.xcassets */; };
		7D8398691CE427A0008C9181 /* LaunchScreen.storyboard in Resources */ = {isa = PBXBuildFile; fileRef = 7D8398671CE427A0008C9181 /* LaunchScreen.storyboard */; };
		7D8398741CE427A0008C9181 /* ONEAppTests.m in Sources */ = {isa = PBXBuildFile; fileRef = 7D8398731CE427A0008C9181 /* ONEAppTests.m */; };
		7D83987F1CE427A0008C9181 /* ONEAppUITests.m in Sources */ = {isa = PBXBuildFile; fileRef = 7D83987E1CE427A0008C9181 /* ONEAppUITests.m */; };
/* End PBXBuildFile section */

/* Begin PBXContainerItemProxy section */
		7D8398701CE427A0008C9181 /* PBXContainerItemProxy */ = {
			isa = PBXContainerItemProxy;
			containerPortal = 7D83984E1CE427A0008C9181 /* Project object */;
			proxyType = 1;
			remoteGlobalIDString = 7D8398551CE427A0008C9181;
			remoteInfo = ONEApp;
		};
		7D83987B1CE427A0008C9181 /* PBXContainerItemProxy */ = {
			isa = PBXContainerItemProxy;
			containerPortal = 7D83984E1CE427A0008C9181 /* Project object */;
			proxyType = 1;
			remoteGlobalIDString = 7D8398551CE427A0008C9181;
			remoteInfo = ONEApp;
		};
/* End PBXContainerItemProxy section */

/* Begin PBXFileReference section */
		7D8398561CE427A0008C9181 /* ONEApp.app */ = {isa = PBXFileReference; explicitFileType = wrapper.application; includeInIndex = 0; path = ONEApp.app; sourceTree = BUILT_PRODUCTS_DIR; };
		7D83985A1CE427A0008C9181 /* main.m */ = {isa = PBXFileReference; lastKnownFileType = sourcecode.c.objc; path = main.m; sourceTree = "<group>"; };
		7D83985C1CE427A0008C9181 /* AppDelegate.h */ = {isa = PBXFileReference; lastKnownFileType = sourcecode.c.h; path = AppDelegate.h; sourceTree = "<group>"; };
		7D83985D1CE427A0008C9181 /* AppDelegate.m */ = {isa = PBXFileReference; lastKnownFileType = sourcecode.c.objc; path = AppDelegate.m; sourceTree = "<group>"; };
		7D83985F1CE427A0008C9181 /* ViewController.h */ = {isa = PBXFileReference; lastKnownFileType = sourcecode.c.h; path = ViewController.h; sourceTree = "<group>"; };
		7D8398601CE427A0008C9181 /* ViewController.m */ = {isa = PBXFileReference; lastKnownFileType = sourcecode.c.objc; path = ViewController.m; sourceTree = "<group>"; };
		7D8398631CE427A0008C9181 /* Base */ = {isa = PBXFileReference; lastKnownFileType = file.storyboard; name = Base; path = Base.lproj/Main.storyboard; sourceTree = "<group>"; };
		7D8398651CE427A0008C9181 /* Assets.xcassets */ = {isa = PBXFileReference; lastKnownFileType = folder.assetcatalog; path = Assets.xcassets; sourceTree = "<group>"; };
		7D8398681CE427A0008C9181 /* Base */ = {isa = PBXFileReference; lastKnownFileType = file.storyboard; name = Base; path = Base.lproj/LaunchScreen.storyboard; sourceTree = "<group>"; };
		7D83986A1CE427A0008C9181 /* Info.plist */ = {isa = PBXFileReference; lastKnownFileType = text.plist.xml; path = Info.plist; sourceTree = "<group>"; };
		7D83986F1CE427A0008C9181 /* ONEAppTests.xctest */ = {isa = PBXFileReference; explicitFileType = wrapper.cfbundle; includeInIndex = 0; path = ONEAppTests.xctest; sourceTree = BUILT_PRODUCTS_DIR; };
		7D8398731CE427A0008C9181 /* ONEAppTests.m */ = {isa = PBXFileReference; lastKnownFileType = sourcecode.c.objc; path = ONEAppTests.m; sourceTree = "<group>"; };
		7D8398751CE427A0008C9181 /* Info.plist */ = {isa = PBXFileReference; lastKnownFileType = text.plist.xml; path = Info.plist; sourceTree = "<group>"; };
		7D83987A1CE427A0008C9181 /* ONEAppUITests.xctest */ = {isa = PBXFileReference; explicitFileType = wrapper.cfbundle; includeInIndex = 0; path = ONEAppUITests.xctest; sourceTree = BUILT_PRODUCTS_DIR; };
		7D83987E1CE427A0008C9181 /* ONEAppUITests.m */ = {isa = PBXFileReference; lastKnownFileType = sourcecode.c.objc; path = ONEAppUITests.m; sourceTree = "<group>"; };
		7D8398801CE427A0008C9181 /* Info.plist */ = {isa = PBXFileReference; lastKnownFileType = text.plist.xml; path = Info.plist; sourceTree = "<group>"; };
/* End PBXFileReference section */

/* Begin PBXFrameworksBuildPhase section */
		7D8398531CE427A0008C9181 /* Frameworks */ = {
			isa = PBXFrameworksBuildPhase;
			buildActionMask = 2147483647;
			files = (
			);
			runOnlyForDeploymentPostprocessing = 0;
		};
		7D83986C1CE427A0008C9181 /* Frameworks */ = {
			isa = PBXFrameworksBuildPhase;
			buildActionMask = 2147483647;
			files = (
			);
			runOnlyForDeploymentPostprocessing = 0;
		};
		7D8398771CE427A0008C9181 /* Frameworks */ = {
			isa = PBXFrameworksBuildPhase;
			buildActionMask = 2147483647;
			files = (
			);
			runOnlyForDeploymentPostprocessing = 0;
		};
/* End PBXFrameworksBuildPhase section */

/* Begin PBXGroup section */
		7D83984D1CE427A0008C9181 = {
			isa = PBXGroup;
			children = (
				7D8398581CE427A0008C9181 /* ONEApp */,
				7D8398721CE427A0008C9181 /* ONEAppTests */,
				7D83987D1CE427A0008C9181 /* ONEAppUITests */,
				7D8398571CE427A0008C9181 /* Products */,
			);
			sourceTree = "<group>";
		};
		7D8398571CE427A0008C9181 /* Products */ = {
			isa = PBXGroup;
			children = (
				7D8398561CE427A0008C9181 /* ONEApp.app */,
				7D83986F1CE427A0008C9181 /* ONEAppTests.xctest */,
				7D83987A1CE427A0008C9181 /* ONEAppUITests.xctest */,
			);
			name = Products;
			sourceTree = "<group>";
		};
		7D8398581CE427A0008C9181 /* ONEApp */ = {
			isa = PBXGroup;
			children = (
				7D83985C1CE427A0008C9181 /* AppDelegate.h */,
				7D83985D1CE427A0008C9181 /* AppDelegate.m */,
				7D83985F1CE427A0008C9181 /* ViewController.h */,
				7D8398601CE427A0008C9181 /* ViewController.m */,
				7D8398621CE427A0008C9181 /* Main.storyboard */,
				7D8398651CE427A0008C9181 /* Assets.xcassets */,
				7D8398671CE427A0008C9181 /* LaunchScreen.storyboard */,
				7D83986A1CE427A0008C9181 /* Info.plist */,
				7D8398591CE427A0008C9181 /* Supporting Files */,
			);
			path = ONEApp;
			sourceTree = "<group>";
		};
		7D8398591CE427A0008C9181 /* Supporting Files */ = {
			isa = PBXGroup;
			children = (
				7D83985A1CE427A0008C9181 /* main.m */,
			);
			name = "Supporting Files";
			sourceTree = "<group>";
		};
		7D8398721CE427A0008C9181 /* ONEAppTests */ = {
			isa = PBXGroup;
			children = (
				7D8398731CE427A0008C9181 /* ONEAppTests.m */,
				7D8398751CE427A0008C9181 /* Info.plist */,
			);
			path = ONEAppTests;
			sourceTree = "<group>";
		};
		7D83987D1CE427A0008C9181 /* ONEAppUITests */ = {
			isa = PBXGroup;
			children = (
				7D83987E1CE427A0008C9181 /* ONEAppUITests.m */,
				7D8398801CE427A0008C9181 /* Info.plist */,
			);
			path = ONEAppUITests;
			sourceTree = "<group>";
		};
/* End PBXGroup section */

/* Begin PBXNativeTarget section */
		7D8398551CE427A0008C9181 /* ONEApp */ = {
			isa = PBXNativeTarget;
			buildConfigurationList = 7D8398831CE427A0008C9181 /* Build configuration list for PBXNativeTarget "ONEApp" */;
			buildPhases = (
				7D8398521CE427A0008C9181 /* Sources */,
				7D8398531CE427A0008C9181 /* Frameworks */,
				7D8398541CE427A0008C9181 /* Resources */,
			);
			buildRules = (
			);
			dependencies = (
			);
			name = ONEApp;
			productName = ONEApp;
			productReference = 7D8398561CE427A0008C9181 /* ONEApp.app */;
			productType = "com.apple.product-type.application";
		};
		7D83986E1CE427A0008C9181 /* ONEAppTests */ = {
			isa = PBXNativeTarget;
			buildConfigurationList = 7D8398861CE427A0008C9181 /* Build configuration list for PBXNativeTarget "ONEAppTests" */;
			buildPhases = (
				7D83986B1CE427A0008C9181 /* Sources */,
				7D83986C1CE427A0008C9181 /* Frameworks */,
				7D83986D1CE427A0008C9181 /* Resources */,
			);
			buildRules = (
			);
			dependencies = (
				7D8398711CE427A0008C9181 /* PBXTargetDependency */,
			);
			name = ONEAppTests;
			productName = ONEAppTests;
			productReference = 7D83986F1CE427A0008C9181 /* ONEAppTests.xctest */;
			productType = "com.apple.product-type.bundle.unit-test";
		};
		7D8398791CE427A0008C9181 /* ONEAppUITests */ = {
			isa = PBXNativeTarget;
			buildConfigurationList = 7D8398891CE427A0008C9181 /* Build configuration list for PBXNativeTarget "ONEAppUITests" */;
			buildPhases = (
				7D8398761CE427A0008C9181 /* Sources */,
				7D8398771CE427A0008C9181 /* Frameworks */,
				7D8398781CE427A0008C9181 /* Resources */,
			);
			buildRules = (
			);
			dependencies = (
				7D83987C1CE427A0008C9181 /* PBXTargetDependency */,
			);
			name = ONEAppUITests;
			productName = ONEAppUITests;
			productReference = 7D83987A1CE427A0008C9181 /* ONEAppUITests.xctest */;
			productType = "com.apple.product-type.bundle.ui-testing";
		};
/* End PBXNativeTarget section */

/* Begin PBXProject section */
		7D83984E1CE427A0008C9181 /* Project object */ = {
			isa = PBXProject;
			attributes = {
				LastUpgradeCheck = 0730;
				ORGANIZATIONNAME = PikeYoung;
				TargetAttributes = {
					7D8398551CE427A0008C9181 = {
						CreatedOnToolsVersion = 7.3.1;
					};
					7D83986E1CE427A0008C9181 = {
						CreatedOnToolsVersion = 7.3.1;
						TestTargetID = 7D8398551CE427A0008C9181;
					};
					7D8398791CE427A0008C9181 = {
						CreatedOnToolsVersion = 7.3.1;
						TestTargetID = 7D8398551CE427A0008C9181;
					};
				};
			};
			buildConfigurationList = 7D8398511CE427A0008C9181 /* Build configuration list for PBXProject "ONEApp" */;
			compatibilityVersion = "Xcode 3.2";
			developmentRegion = English;
			hasScannedForEncodings = 0;
			knownRegions = (
				en,
				Base,
			);
			mainGroup = 7D83984D1CE427A0008C9181;
			productRefGroup = 7D8398571CE427A0008C9181 /* Products */;
			projectDirPath = "";
			projectRoot = "";
			targets = (
				7D8398551CE427A0008C9181 /* ONEApp */,
				7D83986E1CE427A0008C9181 /* ONEAppTests */,
				7D8398791CE427A0008C9181 /* ONEAppUITests */,
			);
		};
/* End PBXProject section */

/* Begin PBXResourcesBuildPhase section */
		7D8398541CE427A0008C9181 /* Resources */ = {
			isa = PBXResourcesBuildPhase;
			buildActionMask = 2147483647;
			files = (
				7D8398691CE427A0008C9181 /* LaunchScreen.storyboard in Resources */,
				7D8398661CE427A0008C9181 /* Assets.xcassets in Resources */,
				7D8398641CE427A0008C9181 /* Main.storyboard in Resources */,
			);
			runOnlyForDeploymentPostprocessing = 0;
		};
		7D83986D1CE427A0008C9181 /* Resources */ = {
			isa = PBXResourcesBuildPhase;
			buildActionMask = 2147483647;
			files = (
			);
			runOnlyForDeploymentPostprocessing = 0;
		};
		7D8398781CE427A0008C9181 /* Resources */ = {
			isa = PBXResourcesBuildPhase;
			buildActionMask = 2147483647;
			files = (
			);
			runOnlyForDeploymentPostprocessing = 0;
		};
/* End PBXResourcesBuildPhase section */

/* Begin PBXSourcesBuildPhase section */
		7D8398521CE427A0008C9181 /* Sources */ = {
			isa = PBXSourcesBuildPhase;
			buildActionMask = 2147483647;
			files = (
				7D8398611CE427A0008C9181 /* ViewController.m in Sources */,
				7D83985E1CE427A0008C9181 /* AppDelegate.m in Sources */,
				7D83985B1CE427A0008C9181 /* main.m in Sources */,
			);
			runOnlyForDeploymentPostprocessing = 0;
		};
		7D83986B1CE427A0008C9181 /* Sources */ = {
			isa = PBXSourcesBuildPhase;
			buildActionMask = 2147483647;
			files = (
				7D8398741CE427A0008C9181 /* ONEAppTests.m in Sources */,
			);
			runOnlyForDeploymentPostprocessing = 0;
		};
		7D8398761CE427A0008C9181 /* Sources */ = {
			isa = PBXSourcesBuildPhase;
			buildActionMask = 2147483647;
			files = (
				7D83987F1CE427A0008C9181 /* ONEAppUITests.m in Sources */,
			);
			runOnlyForDeploymentPostprocessing = 0;
		};
/* End PBXSourcesBuildPhase section */

/* Begin PBXTargetDependency section */
		7D8398711CE427A0008C9181 /* PBXTargetDependency */ = {
			isa = PBXTargetDependency;
			target = 7D8398551CE427A0008C9181 /* ONEApp */;
			targetProxy = 7D8398701CE427A0008C9181 /* PBXContainerItemProxy */;
		};
		7D83987C1CE427A0008C9181 /* PBXTargetDependency */ = {
			isa = PBXTargetDependency;
			target = 7D8398551CE427A0008C9181 /* ONEApp */;
			targetProxy = 7D83987B1CE427A0008C9181 /* PBXContainerItemProxy */;
		};
/* End PBXTargetDependency section */

/* Begin PBXVariantGroup section */
		7D8398621CE427A0008C9181 /* Main.storyboard */ = {
			isa = PBXVariantGroup;
			children = (
				7D8398631CE427A0008C9181 /* Base */,
			);
			name = Main.storyboard;
			sourceTree = "<group>";
		};
		7D8398671CE427A0008C9181 /* LaunchScreen.storyboard */ = {
			isa = PBXVariantGroup;
			children = (
				7D8398681CE427A0008C9181 /* Base */,
			);
			name = LaunchScreen.storyboard;
			sourceTree = "<group>";
		};
/* End PBXVariantGroup section */

/* Begin XCBuildConfiguration section */
		7D8398811CE427A0008C9181 /* Debug */ = {
			isa = XCBuildConfiguration;
			buildSettings = {
				ALWAYS_SEARCH_USER_PATHS = NO;
				CLANG_ANALYZER_NONNULL = YES;
				CLANG_CXX_LANGUAGE_STANDARD = "gnu++0x";
				CLANG_CXX_LIBRARY = "libc++";
				CLANG_ENABLE_MODULES = YES;
				CLANG_ENABLE_OBJC_ARC = YES;
				CLANG_WARN_BOOL_CONVERSION = YES;
				CLANG_WARN_CONSTANT_CONVERSION = YES;
				CLANG_WARN_DIRECT_OBJC_ISA_USAGE = YES_ERROR;
				CLANG_WARN_EMPTY_BODY = YES;
				CLANG_WARN_ENUM_CONVERSION = YES;
				CLANG_WARN_INT_CONVERSION = YES;
				CLANG_WARN_OBJC_ROOT_CLASS = YES_ERROR;
				CLANG_WARN_UNREACHABLE_CODE = YES;
				CLANG_WARN__DUPLICATE_METHOD_MATCH = YES;
				"CODE_SIGN_IDENTITY[sdk=iphoneos*]" = "iPhone Developer";
				COPY_PHASE_STRIP = NO;
				DEBUG_INFORMATION_FORMAT = dwarf;
				ENABLE_STRICT_OBJC_MSGSEND = YES;
				ENABLE_TESTABILITY = YES;
				GCC_C_LANGUAGE_STANDARD = gnu99;
				GCC_DYNAMIC_NO_PIC = NO;
				GCC_NO_COMMON_BLOCKS = YES;
				GCC_OPTIMIZATION_LEVEL = 0;
				GCC_PREPROCESSOR_DEFINITIONS = (
					"DEBUG=1",
					"$(inherited)",
				);
				GCC_WARN_64_TO_32_BIT_CONVERSION = YES;
				GCC_WARN_ABOUT_RETURN_TYPE = YES_ERROR;
				GCC_WARN_UNDECLARED_SELECTOR = YES;
				GCC_WARN_UNINITIALIZED_AUTOS = YES_AGGRESSIVE;
				GCC_WARN_UNUSED_FUNCTION = YES;
				GCC_WARN_UNUSED_VARIABLE = YES;
				IPHONEOS_DEPLOYMENT_TARGET = 9.3;
				MTL_ENABLE_DEBUG_INFO = YES;
				ONLY_ACTIVE_ARCH = YES;
				SDKROOT = iphoneos;
				TARGETED_DEVICE_FAMILY = "1,2";
			};
			name = Debug;
		};
		7D8398821CE427A0008C9181 /* Release */ = {
			isa = XCBuildConfiguration;
			buildSettings = {
				ALWAYS_SEARCH_USER_PATHS = NO;
				CLANG_ANALYZER_NONNULL = YES;
				CLANG_CXX_LANGUAGE_STANDARD = "gnu++0x";
				CLANG_CXX_LIBRARY = "libc++";
				CLANG_ENABLE_MODULES = YES;
				CLANG_ENABLE_OBJC_ARC = YES;
				CLANG_WARN_BOOL_CONVERSION = YES;
				CLANG_WARN_CONSTANT_CONVERSION = YES;
				CLANG_WARN_DIRECT_OBJC_ISA_USAGE = YES_ERROR;
				CLANG_WARN_EMPTY_BODY = YES;
				CLANG_WARN_ENUM_CONVERSION = YES;
				CLANG_WARN_INT_CONVERSION = YES;
				CLANG_WARN_OBJC_ROOT_CLASS = YES_ERROR;
				CLANG_WARN_UNREACHABLE_CODE = YES;
				CLANG_WARN__DUPLICATE_METHOD_MATCH = YES;
				"CODE_SIGN_IDENTITY[sdk=iphoneos*]" = "iPhone Developer";
				COPY_PHASE_STRIP = NO;
				DEBUG_INFORMATION_FORMAT = "dwarf-with-dsym";
				ENABLE_NS_ASSERTIONS = NO;
				ENABLE_STRICT_OBJC_MSGSEND = YES;
				GCC_C_LANGUAGE_STANDARD = gnu99;
				GCC_NO_COMMON_BLOCKS = YES;
				GCC_WARN_64_TO_32_BIT_CONVERSION = YES;
				GCC_WARN_ABOUT_RETURN_TYPE = YES_ERROR;
				GCC_WARN_UNDECLARED_SELECTOR = YES;
				GCC_WARN_UNINITIALIZED_AUTOS = YES_AGGRESSIVE;
				GCC_WARN_UNUSED_FUNCTION = YES;
				GCC_WARN_UNUSED_VARIABLE = YES;
				IPHONEOS_DEPLOYMENT_TARGET = 9.3;
				MTL_ENABLE_DEBUG_INFO = NO;
				SDKROOT = iphoneos;
				TARGETED_DEVICE_FAMILY = "1,2";
				VALIDATE_PRODUCT = YES;
			};
			name = Release;
		};
		7D8398841CE427A0008C9181 /* Debug */ = {
			isa = XCBuildConfiguration;
			buildSettings = {
				ASSETCATALOG_COMPILER_APPICON_NAME = AppIcon;
				INFOPLIST_FILE = ONEApp/Info.plist;
				LD_RUNPATH_SEARCH_PATHS = "$(inherited) @executable_path/Frameworks";
				PRODUCT_BUNDLE_IDENTIFIER = cn.PikeYoung.ONEApp;
				PRODUCT_NAME = "$(TARGET_NAME)";
			};
			name = Debug;
		};
		7D8398851CE427A0008C9181 /* Release */ = {
			isa = XCBuildConfiguration;
			buildSettings = {
				ASSETCATALOG_COMPILER_APPICON_NAME = AppIcon;
				INFOPLIST_FILE = ONEApp/Info.plist;
				LD_RUNPATH_SEARCH_PATHS = "$(inherited) @executable_path/Frameworks";
				PRODUCT_BUNDLE_IDENTIFIER = cn.PikeYoung.ONEApp;
				PRODUCT_NAME = "$(TARGET_NAME)";
			};
			name = Release;
		};
		7D8398871CE427A0008C9181 /* Debug */ = {
			isa = XCBuildConfiguration;
			buildSettings = {
				BUNDLE_LOADER = "$(TEST_HOST)";
				INFOPLIST_FILE = ONEAppTests/Info.plist;
				LD_RUNPATH_SEARCH_PATHS = "$(inherited) @executable_path/Frameworks @loader_path/Frameworks";
				PRODUCT_BUNDLE_IDENTIFIER = cn.PikeYoung.ONEAppTests;
				PRODUCT_NAME = "$(TARGET_NAME)";
				TEST_HOST = "$(BUILT_PRODUCTS_DIR)/ONEApp.app/ONEApp";
			};
			name = Debug;
		};
		7D8398881CE427A0008C9181 /* Release */ = {
			isa = XCBuildConfiguration;
			buildSettings = {
				BUNDLE_LOADER = "$(TEST_HOST)";
				INFOPLIST_FILE = ONEAppTests/Info.plist;
				LD_RUNPATH_SEARCH_PATHS = "$(inherited) @executable_path/Frameworks @loader_path/Frameworks";
				PRODUCT_BUNDLE_IDENTIFIER = cn.PikeYoung.ONEAppTests;
				PRODUCT_NAME = "$(TARGET_NAME)";
				TEST_HOST = "$(BUILT_PRODUCTS_DIR)/ONEApp.app/ONEApp";
			};
			name = Release;
		};
		7D83988A1CE427A0008C9181 /* Debug */ = {
			isa = XCBuildConfiguration;
			buildSettings = {
				INFOPLIST_FILE = ONEAppUITests/Info.plist;
				LD_RUNPATH_SEARCH_PATHS = "$(inherited) @executable_path/Frameworks @loader_path/Frameworks";
				PRODUCT_BUNDLE_IDENTIFIER = cn.PikeYoung.ONEAppUITests;
				PRODUCT_NAME = "$(TARGET_NAME)";
				TEST_TARGET_NAME = ONEApp;
			};
			name = Debug;
		};
		7D83988B1CE427A0008C9181 /* Release */ = {
			isa = XCBuildConfiguration;
			buildSettings = {
				INFOPLIST_FILE = ONEAppUITests/Info.plist;
				LD_RUNPATH_SEARCH_PATHS = "$(inherited) @executable_path/Frameworks @loader_path/Frameworks";
				PRODUCT_BUNDLE_IDENTIFIER = cn.PikeYoung.ONEAppUITests;
				PRODUCT_NAME = "$(TARGET_NAME)";
				TEST_TARGET_NAME = ONEApp;
			};
			name = Release;
		};
/* End XCBuildConfiguration section */

/* Begin XCConfigurationList section */
		7D8398511CE427A0008C9181 /* Build configuration list for PBXProject "ONEApp" */ = {
			isa = XCConfigurationList;
			buildConfigurations = (
				7D8398811CE427A0008C9181 /* Debug */,
				7D8398821CE427A0008C9181 /* Release */,
			);
			defaultConfigurationIsVisible = 0;
			defaultConfigurationName = Release;
		};
		7D8398831CE427A0008C9181 /* Build configuration list for PBXNativeTarget "ONEApp" */ = {
			isa = XCConfigurationList;
			buildConfigurations = (
				7D8398841CE427A0008C9181 /* Debug */,
				7D8398851CE427A0008C9181 /* Release */,
			);
			defaultConfigurationIsVisible = 0;
		};
		7D8398861CE427A0008C9181 /* Build configuration list for PBXNativeTarget "ONEAppTests" */ = {
			isa = XCConfigurationList;
			buildConfigurations = (
				7D8398871CE427A0008C9181 /* Debug */,
				7D8398881CE427A0008C9181 /* Release */,
			);
			defaultConfigurationIsVisible = 0;
		};
		7D8398891CE427A0008C9181 /* Build configuration list for PBXNativeTarget "ONEAppUITests" */ = {
			isa = XCConfigurationList;
			buildConfigurations = (
				7D83988A1CE427A0008C9181 /* Debug */,
				7D83988B1CE427A0008C9181 /* Release */,
			);
			defaultConfigurationIsVisible = 0;
		};
/* End XCConfigurationList section */
	};
	rootObject = 7D83984E1CE427A0008C9181 /* Project object */;
}
